<Solution>
  <Folder Name="/Frameworks/">
    <File Path="Frameworks/Win.Build.props" />
    <Project Path="Frameworks/QuickMarkup.UWP/QuickMarkup.UWP.csproj" />
    <Project Path="Frameworks/QuickMarkup.Win/QuickMarkup.Win.shproj" />
    <Project Path="Frameworks/QuickMarkup.WinUI/QuickMarkup.WinUI.csproj" />
  </Folder>
  <Folder Name="/Libraries/">
    <Project Path="Parser/Get.EasyCSharp.GeneratorTools/Get.EasyCSharp.GeneratorTools.csproj" />
    <Project Path="Parser/Get.LangSupport/Get.LangSupport.csproj" />
    <Project Path="Parser/Get.Lexer.Shared/Get.Lexer.Shared.shproj" />
    <Project Path="Parser/Get.Lexer.SourceGenerator/Get.Lexer.SourceGenerator.csproj" />
    <Project Path="Parser/Get.Lexer/Get.Lexer.csproj" />
    <Project Path="Parser/Get.Parser.Shared/Get.Parser.Shared.shproj" />
    <Project Path="Parser/Get.Parser.SourceGenerator/Get.Parser.SourceGenerator.csproj" />
    <Project Path="Parser/Get.Parser/Get.Parser.csproj" />
    <Project Path="Parser/Get.PLShared/Get.PLShared.csproj" />
    <Project Path="Parser/Get.RegexMachine.Shared/Get.RegexMachine.Shared.shproj" />
    <Project Path="Parser/Get.RegexMachine/Get.RegexMachine.csproj" />
  </Folder>
  <Project Path="QuickMarkup.Infra.Test/QuickMarkup.Infra.Test.csproj" />
  <Project Path="QuickMarkup.Infra/QuickMarkup.Infra.csproj" />
  <Project Path="QuickMarkup.Language/QuickMarkup.Language.csproj" />
  <Project Path="QuickMarkup.SourceGen.Test/QuickMarkup.SourceGen.Test.csproj" />
  <Project Path="QuickMarkup.SourceGen.IntegrationTest/QuickMarkup.SourceGen.IntegrationTest.csproj" />
  <Project Path="QuickMarkup.SourceGen/QuickMarkup.SourceGen.csproj" />
  <Project Path="QuickMarkup.Syntax.Test/QuickMarkup.Syntax.Test.csproj" />
  <Project Path="QuickMarkup.LanguageServer/QuickMarkup.LanguageServer.csproj" />
  <Project Path="QuickMarkup.LanguageServer.Test/QuickMarkup.LanguageServer.Test.csproj" />
</Solution>
